
Microsoft Visual Studio Solution File, Format Version 12.00
# Visual Studio 2013
VisualStudioVersion = 12.0.40629.0
MinimumVisualStudioVersion = 10.0.40219.1
Project("{FAE04EC0-301F-11D3-BF4B-00C04F79EFBC}") = "memory", "memory\memory.csproj", "{DCA24B17-CD1B-4FD4-9482-296F27A0C80C}"
EndProject
Global
	GlobalSection(SolutionConfigurationPlatforms) = preSolution
		Debug|Any CPU = Debug|Any CPU
		Release|Any CPU = Release|Any CPU
	EndGlobalSection
	GlobalSection(ProjectConfigurationPlatforms) = postSolution
		{DCA24B17-CD1B-4FD4-9482-296F27A0C80C}.Debug|Any CPU.ActiveCfg = Debug|Any CPU
		{DCA24B17-CD1B-4FD4-9482-296F27A0C80C}.Debug|Any CPU.Build.0 = Debug|Any CPU
		{DCA24B17-CD1B-4FD4-9482-296F27A0C80C}.Release|Any CPU.ActiveCfg = Release|Any CPU
		{DCA24B17-CD1B-4FD4-9482-296F27A0C80C}.Release|Any CPU.Build.0 = Release|Any CPU
	EndGlobalSection
	GlobalSection(SolutionProperties) = preSolution
		HideSolutionNode = FALSE
	EndGlobalSection
EndGlobal
